// !$*UTF8*$!
{
	archiveVersion = 1;
	classes = {
	};
	objectVersion = 46;
	objects = {

/* Begin PBXBuildFile section */
		FBC156F41DA614510084625A /* AppDelegate.swift in Sources */ = {isa = PBXBuildFile; fileRef = FBC156F31DA614510084625A /* AppDelegate.swift */; };
		FBC156F61DA614510084625A /* ViewController.swift in Sources */ = {isa = PBXBuildFile; fileRef = FBC156F51DA614510084625A /* ViewController.swift */; };
		FBC156F91DA614510084625A /* Main.storyboard in Resources */ = {isa = PBXBuildFile; fileRef = FBC156F71DA614510084625A /* Main.storyboard */; };
		FBC156FB1DA614510084625A /* Assets.xcassets in Resources */ = {isa = PBXBuildFile; fileRef = FBC156FA1DA614510084625A /* Assets.xcassets */; };
		FBC156FE1DA614510084625A /* LaunchScreen.storyboard in Resources */ = {isa = PBXBuildFile; fileRef = FBC156FC1DA614510084625A /* LaunchScreen.storyboard */; };
/* End PBXBuildFile section */

/* Begin PBXFileReference section */
		FBC156F01DA614510084625A /* YCTT.app */ = {isa = PBXFileReference; explicitFileType = wrapper.application; includeInIndex = 0; path = YCTT.app; sourceTree = BUILT_PRODUCTS_DIR; };
		FBC156F31DA614510084625A /* AppDelegate.swift */ = {isa = PBXFileReference; lastKnownFileType = sourcecode.swift; path = AppDelegate.swift; sourceTree = "<group>"; };
		FBC156F51DA614510084625A /* ViewController.swift */ = {isa = PBXFileReference; lastKnownFileType = sourcecode.swift; path = ViewController.swift; sourceTree = "<group>"; };
		FBC156F81DA614510084625A /* Base */ = {isa = PBXFileReference; lastKnownFileType = file.storyboard; name = Base; path = Base.lproj/Main.storyboard; sourceTree = "<group>"; };
		FBC156FA1DA614510084625A /* Assets.xcassets */ = {isa = PBXFileReference; lastKnownFileType = folder.assetcatalog; path = Assets.xcassets; sourceTree = "<group>"; };
		FBC156FD1DA614510084625A /* Base */ = {isa = PBXFileReference; lastKnownFileType = file.storyboard; name = Base; path = Base.lproj/LaunchScreen.storyboard; sourceTree = "<group>"; };
		FBC156FF1DA614510084625A /* Info.plist */ = {isa = PBXFileReference; lastKnownFileType = text.plist.xml; path = Info.plist; sourceTree = "<group>"; };
/* End PBXFileReference section */

/* Begin PBXFrameworksBuildPhase section */
		FBC156ED1DA614510084625A /* Frameworks */ = {
			isa = PBXFrameworksBuildPhase;
			buildActionMask = 2147483647;
			files = (
			);
			runOnlyForDeploymentPostprocessing = 0;
		};
/* End PBXFrameworksBuildPhase section */

/* Begin PBXGroup section */
		FBC156E71DA614510084625A = {
			isa = PBXGroup;
			children = (
				FBC156F21DA614510084625A /* YCTT */,
				FBC156F11DA614510084625A /* Products */,
			);
			sourceTree = "<group>";
		};
		FBC156F11DA614510084625A /* Products */ = {
			isa = PBXGroup;
			children = (
				FBC156F01DA614510084625A /* YCTT.app */,
			);
			name = Products;
			sourceTree = "<group>";
		};
		FBC156F21DA614510084625A /* YCTT */ = {
			isa = PBXGroup;
			children = (
				FBC156F31DA614510084625A /* AppDelegate.swift */,
				FBC156F51DA614510084625A /* ViewController.swift */,
				FBC156F71DA614510084625A /* Main.storyboard */,
				FBC156FA1DA614510084625A /* Assets.xcassets */,
				FBC156FC1DA614510084625A /* LaunchScreen.storyboard */,
				FBC156FF1DA614510084625A /* Info.plist */,
			);
			path = YCTT;
			sourceTree = "<group>";
		};
/* End PBXGroup section */

/* Begin PBXNativeTarget section */
		FBC156EF1DA614510084625A /* YCTT */ = {
			isa = PBXNativeTarget;
			buildConfigurationList = FBC157021DA614510084625A /* Build configuration list for PBXNativeTarget "YCTT" */;
			buildPhases = (
				FBC156EC1DA614510084625A /* Sources */,
				FBC156ED1DA614510084625A /* Frameworks */,
				FBC156EE1DA614510084625A /* Resources */,
			);
			buildRules = (
			);
			dependencies = (
			);
			name = YCTT;
			productName = YCTT;
			productReference = FBC156F01DA614510084625A /* YCTT.app */;
			productType = "com.apple.product-type.application";
		};
/* End PBXNativeTarget section */

/* Begin PBXProject section */
		FBC156E81DA614510084625A /* Project object */ = {
			isa = PBXProject;
			attributes = {
				LastSwiftUpdateCheck = 0730;
				LastUpgradeCheck = 0730;
				ORGANIZATIONNAME = "YCIS-PX";
				TargetAttributes = {
					FBC156EF1DA614510084625A = {
						CreatedOnToolsVersion = 7.3.1;
					};
				};
			};
			buildConfigurationList = FBC156EB1DA614510084625A /* Build configuration list for PBXProject "YCTT" */;
			compatibilityVersion = "Xcode 3.2";
			developmentRegion = English;
			hasScannedForEncodings = 0;
			knownRegions = (
				en,
				Base,
			);
			mainGroup = FBC156E71DA614510084625A;
			productRefGroup = FBC156F11DA614510084625A /* Products */;
			projectDirPath = "";
			projectRoot = "";
			targets = (
				FBC156EF1DA614510084625A /* YCTT */,
			);
		};
/* End PBXProject section */

/* Begin PBXResourcesBuildPhase section */
		FBC156EE1DA614510084625A /* Resources */ = {
			isa = PBXResourcesBuildPhase;
			buildActionMask = 2147483647;
			files = (
				FBC156FE1DA614510084625A /* LaunchScreen.storyboard in Resources */,
				FBC156FB1DA614510084625A /* Assets.xcassets in Resources */,
				FBC156F91DA614510084625A /* Main.storyboard in Resources */,
			);
			runOnlyForDeploymentPostprocessing = 0;
		};
/* End PBXResourcesBuildPhase section */

/* Begin PBXSourcesBuildPhase section */
		FBC156EC1DA614510084625A /* Sources */ = {
			isa = PBXSourcesBuildPhase;
			buildActionMask = 2147483647;
			files = (
				FBC156F61DA614510084625A /* ViewController.swift in Sources */,
				FBC156F41DA614510084625A /* AppDelegate.swift in Sources */,
			);
			runOnlyForDeploymentPostprocessing = 0;
		};
/* End PBXSourcesBuildPhase section */

/* Begin PBXVariantGroup section */
		FBC156F71DA614510084625A /* Main.storyboard */ = {
			isa = PBXVariantGroup;
			children = (
				FBC156F81DA614510084625A /* Base */,
			);
			name = Main.storyboard;
			sourceTree = "<group>";
		};
		FBC156FC1DA614510084625A /* LaunchScreen.storyboard */ = {
			isa = PBXVariantGroup;
			children = (
				FBC156FD1DA614510084625A /* Base */,
			);
			name = LaunchScreen.storyboard;
			sourceTree = "<group>";
		};
/* End PBXVariantGroup section */

/* Begin XCBuildConfiguration section */
		FBC157001DA614510084625A /* Debug */ = {
			isa = XCBuildConfiguration;
			buildSettings = {
				ALWAYS_SEARCH_USER_PATHS = NO;
				CLANG_ANALYZER_NONNULL = YES;
				CLANG_CXX_LANGUAGE_STANDARD = "gnu++0x";
				CLANG_CXX_LIBRARY = "libc++";
				CLANG_ENABLE_MODULES = YES;
				CLANG_ENABLE_OBJC_ARC = YES;
				CLANG_WARN_BOOL_CONVERSION = YES;
				CLANG_WARN_CONSTANT_CONVERSION = YES;
				CLANG_WARN_DIRECT_OBJC_ISA_USAGE = YES_ERROR;
				CLANG_WARN_EMPTY_BODY = YES;
				CLANG_WARN_ENUM_CONVERSION = YES;
				CLANG_WARN_INT_CONVERSION = YES;
				CLANG_WARN_OBJC_ROOT_CLASS = YES_ERROR;
				CLANG_WARN_UNREACHABLE_CODE = YES;
				CLANG_WARN__DUPLICATE_METHOD_MATCH = YES;
				"CODE_SIGN_IDENTITY[sdk=iphoneos*]" = "iPhone Developer";
				COPY_PHASE_STRIP = NO;
				DEBUG_INFORMATION_FORMAT = dwarf;
				ENABLE_STRICT_OBJC_MSGSEND = YES;
				ENABLE_TESTABILITY = YES;
				GCC_C_LANGUAGE_STANDARD = gnu99;
				GCC_DYNAMIC_NO_PIC = NO;
				GCC_NO_COMMON_BLOCKS = YES;
				GCC_OPTIMIZATION_LEVEL = 0;
				GCC_PREPROCESSOR_DEFINITIONS = (
					"DEBUG=1",
					"$(inherited)",
				);
				GCC_WARN_64_TO_32_BIT_CONVERSION = YES;
				GCC_WARN_ABOUT_RETURN_TYPE = YES_ERROR;
				GCC_WARN_UNDECLARED_SELECTOR = YES;
				GCC_WARN_UNINITIALIZED_AUTOS = YES_AGGRESSIVE;
				GCC_WARN_UNUSED_FUNCTION = YES;
				GCC_WARN_UNUSED_VARIABLE = YES;
				IPHONEOS_DEPLOYMENT_TARGET = 9.3;
				MTL_ENABLE_DEBUG_INFO = YES;
				ONLY_ACTIVE_ARCH = YES;
				SDKROOT = iphoneos;
				SWIFT_OPTIMIZATION_LEVEL = "-Onone";
			};
			name = Debug;
		};
		FBC157011DA614510084625A /* Release */ = {
			isa = XCBuildConfiguration;
			buildSettings = {
				ALWAYS_SEARCH_USER_PATHS = NO;
				CLANG_ANALYZER_NONNULL = YES;
				CLANG_CXX_LANGUAGE_STANDARD = "gnu++0x";
				CLANG_CXX_LIBRARY = "libc++";
				CLANG_ENABLE_MODULES = YES;
				CLANG_ENABLE_OBJC_ARC = YES;
				CLANG_WARN_BOOL_CONVERSION = YES;
				CLANG_WARN_CONSTANT_CONVERSION = YES;
				CLANG_WARN_DIRECT_OBJC_ISA_USAGE = YES_ERROR;
				CLANG_WARN_EMPTY_BODY = YES;
				CLANG_WARN_ENUM_CONVERSION = YES;
				CLANG_WARN_INT_CONVERSION = YES;
				CLANG_WARN_OBJC_ROOT_CLASS = YES_ERROR;
				CLANG_WARN_UNREACHABLE_CODE = YES;
				CLANG_WARN__DUPLICATE_METHOD_MATCH = YES;
				"CODE_SIGN_IDENTITY[sdk=iphoneos*]" = "iPhone Developer";
				COPY_PHASE_STRIP = NO;
				DEBUG_INFORMATION_FORMAT = "dwarf-with-dsym";
				ENABLE_NS_ASSERTIONS = NO;
				ENABLE_STRICT_OBJC_MSGSEND = YES;
				GCC_C_LANGUAGE_STANDARD = gnu99;
				GCC_NO_COMMON_BLOCKS = YES;
				GCC_WARN_64_TO_32_BIT_CONVERSION = YES;
				GCC_WARN_ABOUT_RETURN_TYPE = YES_ERROR;
				GCC_WARN_UNDECLARED_SELECTOR = YES;
				GCC_WARN_UNINITIALIZED_AUTOS = YES_AGGRESSIVE;
				GCC_WARN_UNUSED_FUNCTION = YES;
				GCC_WARN_UNUSED_VARIABLE = YES;
				IPHONEOS_DEPLOYMENT_TARGET = 9.3;
				MTL_ENABLE_DEBUG_INFO = NO;
				SDKROOT = iphoneos;
				VALIDATE_PRODUCT = YES;
			};
			name = Release;
		};
		FBC157031DA614510084625A /* Debug */ = {
			isa = XCBuildConfiguration;
			buildSettings = {
				ASSETCATALOG_COMPILER_APPICON_NAME = AppIcon;
				INFOPLIST_FILE = YCTT/Info.plist;
				LD_RUNPATH_SEARCH_PATHS = "$(inherited) @executable_path/Frameworks";
				PRODUCT_BUNDLE_IDENTIFIER = "com.ycis-px.Alan.YCTT";
				PRODUCT_NAME = "$(TARGET_NAME)";
			};
			name = Debug;
		};
		FBC157041DA614510084625A /* Release */ = {
			isa = XCBuildConfiguration;
			buildSettings = {
				ASSETCATALOG_COMPILER_APPICON_NAME = AppIcon;
				INFOPLIST_FILE = YCTT/Info.plist;
				LD_RUNPATH_SEARCH_PATHS = "$(inherited) @executable_path/Frameworks";
				PRODUCT_BUNDLE_IDENTIFIER = "com.ycis-px.Alan.YCTT";
				PRODUCT_NAME = "$(TARGET_NAME)";
			};
			name = Release;
		};
/* End XCBuildConfiguration section */

/* Begin XCConfigurationList section */
		FBC156EB1DA614510084625A /* Build configuration list for PBXProject "YCTT" */ = {
			isa = XCConfigurationList;
			buildConfigurations = (
				FBC157001DA614510084625A /* Debug */,
				FBC157011DA614510084625A /* Release */,
			);
			defaultConfigurationIsVisible = 0;
			defaultConfigurationName = Release;
		};
		FBC157021DA614510084625A /* Build configuration list for PBXNativeTarget "YCTT" */ = {
			isa = XCConfigurationList;
			buildConfigurations = (
				FBC157031DA614510084625A /* Debug */,
				FBC157041DA614510084625A /* Release */,
			);
			defaultConfigurationIsVisible = 0;
		};
/* End XCConfigurationList section */
	};
	rootObject = FBC156E81DA614510084625A /* Project object */;
}
